Microsoft Visual Studio Solution File, Format Version 12.00
# Visual Studio Version 17
VisualStudioVersion = 17.5.2.0
MinimumVisualStudioVersion = 10.0.40219.1
Project("{FAE04EC0-301F-11D3-BF4B-00C04F79EFBC}") = "projeto-musical", "projeto-musical.csproj", "{26288241-FA4C-1F47-C842-0CF13B23F32E}"
EndProject
Global
	GlobalSection(SolutionConfigurationPlatforms) = preSolution
		Debug|Any CPU = Debug|Any CPU
		Release|Any CPU = Release|Any CPU
	EndGlobalSection
	GlobalSection(ProjectConfigurationPlatforms) = postSolution
		{26288241-FA4C-1F47-C842-0CF13B23F32E}.Debug|Any CPU.ActiveCfg = Debug|Any CPU
		{26288241-FA4C-1F47-C842-0CF13B23F32E}.Debug|Any CPU.Build.0 = Debug|Any CPU
		{26288241-FA4C-1F47-C842-0CF13B23F32E}.Release|Any CPU.ActiveCfg = Release|Any CPU
		{26288241-FA4C-1F47-C842-0CF13B23F32E}.Release|Any CPU.Build.0 = Release|Any CPU
	EndGlobalSection
	GlobalSection(SolutionProperties) = preSolution
		HideSolutionNode = FALSE
	EndGlobalSection
	GlobalSection(ExtensibilityGlobals) = postSolution
		SolutionGuid = {0D5AF9F4-5204-4913-9F33-9CD9DAB2B08C}
	EndGlobalSection
EndGlobal
